// !$*UTF8*$!
{
	archiveVersion = 1;
	classes = {
	};
	objectVersion = 50;
	objects = {

/* Begin PBXBuildFile section */
		10092FAC22BA3287004499AB /* AppDelegate.swift in Sources */ = {isa = PBXBuildFile; fileRef = 10092FAB22BA3287004499AB /* AppDelegate.swift */; };
		10092FB122BA3287004499AB /* Main.storyboard in Resources */ = {isa = PBXBuildFile; fileRef = 10092FAF22BA3287004499AB /* Main.storyboard */; };
		10092FB322BA3287004499AB /* Assets.xcassets in Resources */ = {isa = PBXBuildFile; fileRef = 10092FB222BA3287004499AB /* Assets.xcassets */; };
		10092FB622BA3287004499AB /* LaunchScreen.storyboard in Resources */ = {isa = PBXBuildFile; fileRef = 10092FB422BA3287004499AB /* LaunchScreen.storyboard */; };
		10092FC122BA3288004499AB /* WheaterSwiftIOSTests.swift in Sources */ = {isa = PBXBuildFile; fileRef = 10092FC022BA3288004499AB /* WheaterSwiftIOSTests.swift */; };
		10092FCC22BA3288004499AB /* WheaterSwiftIOSUITests.swift in Sources */ = {isa = PBXBuildFile; fileRef = 10092FCB22BA3288004499AB /* WheaterSwiftIOSUITests.swift */; };
		10092FDB22BA329D004499AB /* Wheater.xd in Resources */ = {isa = PBXBuildFile; fileRef = 10092FDA22BA329D004499AB /* Wheater.xd */; };
		103F7AAC22BBAED30020D713 /* WeatherController.swift in Sources */ = {isa = PBXBuildFile; fileRef = 103F7AAB22BBAED30020D713 /* WeatherController.swift */; };
		103F7AAE22BBB0D70020D713 /* PageContentViewController.swift in Sources */ = {isa = PBXBuildFile; fileRef = 103F7AAD22BBB0D70020D713 /* PageContentViewController.swift */; };
		103F7AB122BBB35B0020D713 /* OpenWheather.swift in Sources */ = {isa = PBXBuildFile; fileRef = 103F7AB022BBB35B0020D713 /* OpenWheather.swift */; };
		103F7AB322BBB3EE0020D713 /* Weather.swift in Sources */ = {isa = PBXBuildFile; fileRef = 103F7AB222BBB3EE0020D713 /* Weather.swift */; };
		103F7AB522BBB4380020D713 /* Coord.swift in Sources */ = {isa = PBXBuildFile; fileRef = 103F7AB422BBB4380020D713 /* Coord.swift */; };
		103F7AB722BBB5660020D713 /* Main.swift in Sources */ = {isa = PBXBuildFile; fileRef = 103F7AB622BBB5660020D713 /* Main.swift */; };
		103F7AB922BBB6220020D713 /* Sys.swift in Sources */ = {isa = PBXBuildFile; fileRef = 103F7AB822BBB6220020D713 /* Sys.swift */; };
		103F7ABB22BBB6BF0020D713 /* Wind.swift in Sources */ = {isa = PBXBuildFile; fileRef = 103F7ABA22BBB6BF0020D713 /* Wind.swift */; };
		103F7ABD22BBB6EC0020D713 /* Clouds.swift in Sources */ = {isa = PBXBuildFile; fileRef = 103F7ABC22BBB6EC0020D713 /* Clouds.swift */; };
		84ABEA9C22BC1D4A00169DCA /* WeatherViewController.swift in Sources */ = {isa = PBXBuildFile; fileRef = 84ABEA9B22BC1D4A00169DCA /* WeatherViewController.swift */; };
/* End PBXBuildFile section */

/* Begin PBXContainerItemProxy section */
		10092FBD22BA3288004499AB /* PBXContainerItemProxy */ = {
			isa = PBXContainerItemProxy;
			containerPortal = 10092FA022BA3287004499AB /* Project object */;
			proxyType = 1;
			remoteGlobalIDString = 10092FA722BA3287004499AB;
			remoteInfo = WheaterSwiftIOS;
		};
		10092FC822BA3288004499AB /* PBXContainerItemProxy */ = {
			isa = PBXContainerItemProxy;
			containerPortal = 10092FA022BA3287004499AB /* Project object */;
			proxyType = 1;
			remoteGlobalIDString = 10092FA722BA3287004499AB;
			remoteInfo = WheaterSwiftIOS;
		};
/* End PBXContainerItemProxy section */

/* Begin PBXFileReference section */
		10092FA822BA3287004499AB /* WheaterSwiftIOS.app */ = {isa = PBXFileReference; explicitFileType = wrapper.application; includeInIndex = 0; path = WheaterSwiftIOS.app; sourceTree = BUILT_PRODUCTS_DIR; };
		10092FAB22BA3287004499AB /* AppDelegate.swift */ = {isa = PBXFileReference; lastKnownFileType = sourcecode.swift; path = AppDelegate.swift; sourceTree = "<group>"; };
		10092FB022BA3287004499AB /* Base */ = {isa = PBXFileReference; lastKnownFileType = file.storyboard; name = Base; path = Base.lproj/Main.storyboard; sourceTree = "<group>"; };
		10092FB222BA3287004499AB /* Assets.xcassets */ = {isa = PBXFileReference; lastKnownFileType = folder.assetcatalog; path = Assets.xcassets; sourceTree = "<group>"; };
		10092FB522BA3287004499AB /* Base */ = {isa = PBXFileReference; lastKnownFileType = file.storyboard; name = Base; path = Base.lproj/LaunchScreen.storyboard; sourceTree = "<group>"; };
		10092FB722BA3287004499AB /* Info.plist */ = {isa = PBXFileReference; lastKnownFileType = text.plist.xml; path = Info.plist; sourceTree = "<group>"; };
		10092FBC22BA3288004499AB /* WheaterSwiftIOSTests.xctest */ = {isa = PBXFileReference; explicitFileType = wrapper.cfbundle; includeInIndex = 0; path = WheaterSwiftIOSTests.xctest; sourceTree = BUILT_PRODUCTS_DIR; };
		10092FC022BA3288004499AB /* WheaterSwiftIOSTests.swift */ = {isa = PBXFileReference; lastKnownFileType = sourcecode.swift; path = WheaterSwiftIOSTests.swift; sourceTree = "<group>"; };
		10092FC222BA3288004499AB /* Info.plist */ = {isa = PBXFileReference; lastKnownFileType = text.plist.xml; path = Info.plist; sourceTree = "<group>"; };
		10092FC722BA3288004499AB /* WheaterSwiftIOSUITests.xctest */ = {isa = PBXFileReference; explicitFileType = wrapper.cfbundle; includeInIndex = 0; path = WheaterSwiftIOSUITests.xctest; sourceTree = BUILT_PRODUCTS_DIR; };
		10092FCB22BA3288004499AB /* WheaterSwiftIOSUITests.swift */ = {isa = PBXFileReference; lastKnownFileType = sourcecode.swift; path = WheaterSwiftIOSUITests.swift; sourceTree = "<group>"; };
		10092FCD22BA3288004499AB /* Info.plist */ = {isa = PBXFileReference; lastKnownFileType = text.plist.xml; path = Info.plist; sourceTree = "<group>"; };
		10092FDA22BA329D004499AB /* Wheater.xd */ = {isa = PBXFileReference; lastKnownFileType = file; path = Wheater.xd; sourceTree = "<group>"; };
		103F7AAB22BBAED30020D713 /* WeatherController.swift */ = {isa = PBXFileReference; lastKnownFileType = sourcecode.swift; path = WeatherController.swift; sourceTree = "<group>"; };
		103F7AAD22BBB0D70020D713 /* PageContentViewController.swift */ = {isa = PBXFileReference; lastKnownFileType = sourcecode.swift; path = PageContentViewController.swift; sourceTree = "<group>"; };
		103F7AB022BBB35B0020D713 /* OpenWheather.swift */ = {isa = PBXFileReference; lastKnownFileType = sourcecode.swift; path = OpenWheather.swift; sourceTree = "<group>"; };
		103F7AB222BBB3EE0020D713 /* Weather.swift */ = {isa = PBXFileReference; lastKnownFileType = sourcecode.swift; path = Weather.swift; sourceTree = "<group>"; };
		103F7AB422BBB4380020D713 /* Coord.swift */ = {isa = PBXFileReference; lastKnownFileType = sourcecode.swift; path = Coord.swift; sourceTree = "<group>"; };
		103F7AB622BBB5660020D713 /* Main.swift */ = {isa = PBXFileReference; lastKnownFileType = sourcecode.swift; path = Main.swift; sourceTree = "<group>"; };
		103F7AB822BBB6220020D713 /* Sys.swift */ = {isa = PBXFileReference; lastKnownFileType = sourcecode.swift; path = Sys.swift; sourceTree = "<group>"; };
		103F7ABA22BBB6BF0020D713 /* Wind.swift */ = {isa = PBXFileReference; lastKnownFileType = sourcecode.swift; path = Wind.swift; sourceTree = "<group>"; };
		103F7ABC22BBB6EC0020D713 /* Clouds.swift */ = {isa = PBXFileReference; lastKnownFileType = sourcecode.swift; path = Clouds.swift; sourceTree = "<group>"; };
		84ABEA9B22BC1D4A00169DCA /* WeatherViewController.swift */ = {isa = PBXFileReference; lastKnownFileType = sourcecode.swift; path = WeatherViewController.swift; sourceTree = "<group>"; };
/* End PBXFileReference section */

/* Begin PBXFrameworksBuildPhase section */
		10092FA522BA3287004499AB /* Frameworks */ = {
			isa = PBXFrameworksBuildPhase;
			buildActionMask = 2147483647;
			files = (
			);
			runOnlyForDeploymentPostprocessing = 0;
		};
		10092FB922BA3288004499AB /* Frameworks */ = {
			isa = PBXFrameworksBuildPhase;
			buildActionMask = 2147483647;
			files = (
			);
			runOnlyForDeploymentPostprocessing = 0;
		};
		10092FC422BA3288004499AB /* Frameworks */ = {
			isa = PBXFrameworksBuildPhase;
			buildActionMask = 2147483647;
			files = (
			);
			runOnlyForDeploymentPostprocessing = 0;
		};
/* End PBXFrameworksBuildPhase section */

/* Begin PBXGroup section */
		10092F9F22BA3287004499AB = {
			isa = PBXGroup;
			children = (
				10092FAA22BA3287004499AB /* WheaterSwiftIOS */,
				10092FBF22BA3288004499AB /* WheaterSwiftIOSTests */,
				10092FCA22BA3288004499AB /* WheaterSwiftIOSUITests */,
				10092FA922BA3287004499AB /* Products */,
			);
			sourceTree = "<group>";
		};
		10092FA922BA3287004499AB /* Products */ = {
			isa = PBXGroup;
			children = (
				10092FA822BA3287004499AB /* WheaterSwiftIOS.app */,
				10092FBC22BA3288004499AB /* WheaterSwiftIOSTests.xctest */,
				10092FC722BA3288004499AB /* WheaterSwiftIOSUITests.xctest */,
			);
			name = Products;
			sourceTree = "<group>";
		};
		10092FAA22BA3287004499AB /* WheaterSwiftIOS */ = {
			isa = PBXGroup;
			children = (
				103F7AAF22BBB3500020D713 /* Model */,
				103F7A6822BBAC040020D713 /* View */,
				103F7A6722BBABFC0020D713 /* Controller */,
				10092FD922BA328D004499AB /* Resources */,
				10092FAB22BA3287004499AB /* AppDelegate.swift */,
				10092FB222BA3287004499AB /* Assets.xcassets */,
				10092FB722BA3287004499AB /* Info.plist */,
			);
			path = WheaterSwiftIOS;
			sourceTree = "<group>";
		};
		10092FBF22BA3288004499AB /* WheaterSwiftIOSTests */ = {
			isa = PBXGroup;
			children = (
				10092FC022BA3288004499AB /* WheaterSwiftIOSTests.swift */,
				10092FC222BA3288004499AB /* Info.plist */,
			);
			path = WheaterSwiftIOSTests;
			sourceTree = "<group>";
		};
		10092FCA22BA3288004499AB /* WheaterSwiftIOSUITests */ = {
			isa = PBXGroup;
			children = (
				10092FCB22BA3288004499AB /* WheaterSwiftIOSUITests.swift */,
				10092FCD22BA3288004499AB /* Info.plist */,
			);
			path = WheaterSwiftIOSUITests;
			sourceTree = "<group>";
		};
		10092FD922BA328D004499AB /* Resources */ = {
			isa = PBXGroup;
			children = (
				10092FDA22BA329D004499AB /* Wheater.xd */,
			);
			path = Resources;
			sourceTree = "<group>";
		};
		103F7A6722BBABFC0020D713 /* Controller */ = {
			isa = PBXGroup;
			children = (
				103F7AAB22BBAED30020D713 /* WeatherController.swift */,
				103F7AAD22BBB0D70020D713 /* PageContentViewController.swift */,
				84ABEA9B22BC1D4A00169DCA /* WeatherViewController.swift */,
			);
			path = Controller;
			sourceTree = "<group>";
		};
		103F7A6822BBAC040020D713 /* View */ = {
			isa = PBXGroup;
			children = (
				10092FAF22BA3287004499AB /* Main.storyboard */,
				10092FB422BA3287004499AB /* LaunchScreen.storyboard */,
			);
			path = View;
			sourceTree = "<group>";
		};
		103F7AAF22BBB3500020D713 /* Model */ = {
			isa = PBXGroup;
			children = (
				103F7AB022BBB35B0020D713 /* OpenWheather.swift */,
				103F7AB222BBB3EE0020D713 /* Weather.swift */,
				103F7AB422BBB4380020D713 /* Coord.swift */,
				103F7AB622BBB5660020D713 /* Main.swift */,
				103F7AB822BBB6220020D713 /* Sys.swift */,
				103F7ABA22BBB6BF0020D713 /* Wind.swift */,
				103F7ABC22BBB6EC0020D713 /* Clouds.swift */,
			);
			path = Model;
			sourceTree = "<group>";
		};
/* End PBXGroup section */

/* Begin PBXNativeTarget section */
		10092FA722BA3287004499AB /* WheaterSwiftIOS */ = {
			isa = PBXNativeTarget;
			buildConfigurationList = 10092FD022BA3288004499AB /* Build configuration list for PBXNativeTarget "WheaterSwiftIOS" */;
			buildPhases = (
				10092FA422BA3287004499AB /* Sources */,
				10092FA522BA3287004499AB /* Frameworks */,
				10092FA622BA3287004499AB /* Resources */,
			);
			buildRules = (
			);
			dependencies = (
			);
			name = WheaterSwiftIOS;
			productName = WheaterSwiftIOS;
			productReference = 10092FA822BA3287004499AB /* WheaterSwiftIOS.app */;
			productType = "com.apple.product-type.application";
		};
		10092FBB22BA3288004499AB /* WheaterSwiftIOSTests */ = {
			isa = PBXNativeTarget;
			buildConfigurationList = 10092FD322BA3288004499AB /* Build configuration list for PBXNativeTarget "WheaterSwiftIOSTests" */;
			buildPhases = (
				10092FB822BA3288004499AB /* Sources */,
				10092FB922BA3288004499AB /* Frameworks */,
				10092FBA22BA3288004499AB /* Resources */,
			);
			buildRules = (
			);
			dependencies = (
				10092FBE22BA3288004499AB /* PBXTargetDependency */,
			);
			name = WheaterSwiftIOSTests;
			productName = WheaterSwiftIOSTests;
			productReference = 10092FBC22BA3288004499AB /* WheaterSwiftIOSTests.xctest */;
			productType = "com.apple.product-type.bundle.unit-test";
		};
		10092FC622BA3288004499AB /* WheaterSwiftIOSUITests */ = {
			isa = PBXNativeTarget;
			buildConfigurationList = 10092FD622BA3288004499AB /* Build configuration list for PBXNativeTarget "WheaterSwiftIOSUITests" */;
			buildPhases = (
				10092FC322BA3288004499AB /* Sources */,
				10092FC422BA3288004499AB /* Frameworks */,
				10092FC522BA3288004499AB /* Resources */,
			);
			buildRules = (
			);
			dependencies = (
				10092FC922BA3288004499AB /* PBXTargetDependency */,
			);
			name = WheaterSwiftIOSUITests;
			productName = WheaterSwiftIOSUITests;
			productReference = 10092FC722BA3288004499AB /* WheaterSwiftIOSUITests.xctest */;
			productType = "com.apple.product-type.bundle.ui-testing";
		};
/* End PBXNativeTarget section */

/* Begin PBXProject section */
		10092FA022BA3287004499AB /* Project object */ = {
			isa = PBXProject;
			attributes = {
				LastSwiftUpdateCheck = 1020;
				LastUpgradeCheck = 1020;
				ORGANIZATIONNAME = WSR;
				TargetAttributes = {
					10092FA722BA3287004499AB = {
						CreatedOnToolsVersion = 10.2.1;
					};
					10092FBB22BA3288004499AB = {
						CreatedOnToolsVersion = 10.2.1;
						TestTargetID = 10092FA722BA3287004499AB;
					};
					10092FC622BA3288004499AB = {
						CreatedOnToolsVersion = 10.2.1;
						TestTargetID = 10092FA722BA3287004499AB;
					};
				};
			};
			buildConfigurationList = 10092FA322BA3287004499AB /* Build configuration list for PBXProject "WheaterSwiftIOS" */;
			compatibilityVersion = "Xcode 9.3";
			developmentRegion = en;
			hasScannedForEncodings = 0;
			knownRegions = (
				en,
				Base,
			);
			mainGroup = 10092F9F22BA3287004499AB;
			productRefGroup = 10092FA922BA3287004499AB /* Products */;
			projectDirPath = "";
			projectRoot = "";
			targets = (
				10092FA722BA3287004499AB /* WheaterSwiftIOS */,
				10092FBB22BA3288004499AB /* WheaterSwiftIOSTests */,
				10092FC622BA3288004499AB /* WheaterSwiftIOSUITests */,
			);
		};
/* End PBXProject section */

/* Begin PBXResourcesBuildPhase section */
		10092FA622BA3287004499AB /* Resources */ = {
			isa = PBXResourcesBuildPhase;
			buildActionMask = 2147483647;
			files = (
				10092FDB22BA329D004499AB /* Wheater.xd in Resources */,
				10092FB622BA3287004499AB /* LaunchScreen.storyboard in Resources */,
				10092FB322BA3287004499AB /* Assets.xcassets in Resources */,
				10092FB122BA3287004499AB /* Main.storyboard in Resources */,
			);
			runOnlyForDeploymentPostprocessing = 0;
		};
		10092FBA22BA3288004499AB /* Resources */ = {
			isa = PBXResourcesBuildPhase;
			buildActionMask = 2147483647;
			files = (
			);
			runOnlyForDeploymentPostprocessing = 0;
		};
		10092FC522BA3288004499AB /* Resources */ = {
			isa = PBXResourcesBuildPhase;
			buildActionMask = 2147483647;
			files = (
			);
			runOnlyForDeploymentPostprocessing = 0;
		};
/* End PBXResourcesBuildPhase section */

/* Begin PBXSourcesBuildPhase section */
		10092FA422BA3287004499AB /* Sources */ = {
			isa = PBXSourcesBuildPhase;
			buildActionMask = 2147483647;
			files = (
				103F7AAE22BBB0D70020D713 /* PageContentViewController.swift in Sources */,
				103F7AB122BBB35B0020D713 /* OpenWheather.swift in Sources */,
				103F7ABB22BBB6BF0020D713 /* Wind.swift in Sources */,
				10092FAC22BA3287004499AB /* AppDelegate.swift in Sources */,
				103F7AB922BBB6220020D713 /* Sys.swift in Sources */,
				103F7AB522BBB4380020D713 /* Coord.swift in Sources */,
				103F7AAC22BBAED30020D713 /* WeatherController.swift in Sources */,
				103F7AB722BBB5660020D713 /* Main.swift in Sources */,
				103F7AB322BBB3EE0020D713 /* Weather.swift in Sources */,
				103F7ABD22BBB6EC0020D713 /* Clouds.swift in Sources */,
				84ABEA9C22BC1D4A00169DCA /* WeatherViewController.swift in Sources */,
			);
			runOnlyForDeploymentPostprocessing = 0;
		};
		10092FB822BA3288004499AB /* Sources */ = {
			isa = PBXSourcesBuildPhase;
			buildActionMask = 2147483647;
			files = (
				10092FC122BA3288004499AB /* WheaterSwiftIOSTests.swift in Sources */,
			);
			runOnlyForDeploymentPostprocessing = 0;
		};
		10092FC322BA3288004499AB /* Sources */ = {
			isa = PBXSourcesBuildPhase;
			buildActionMask = 2147483647;
			files = (
				10092FCC22BA3288004499AB /* WheaterSwiftIOSUITests.swift in Sources */,
			);
			runOnlyForDeploymentPostprocessing = 0;
		};
/* End PBXSourcesBuildPhase section */

/* Begin PBXTargetDependency section */
		10092FBE22BA3288004499AB /* PBXTargetDependency */ = {
			isa = PBXTargetDependency;
			target = 10092FA722BA3287004499AB /* WheaterSwiftIOS */;
			targetProxy = 10092FBD22BA3288004499AB /* PBXContainerItemProxy */;
		};
		10092FC922BA3288004499AB /* PBXTargetDependency */ = {
			isa = PBXTargetDependency;
			target = 10092FA722BA3287004499AB /* WheaterSwiftIOS */;
			targetProxy = 10092FC822BA3288004499AB /* PBXContainerItemProxy */;
		};
/* End PBXTargetDependency section */

/* Begin PBXVariantGroup section */
		10092FAF22BA3287004499AB /* Main.storyboard */ = {
			isa = PBXVariantGroup;
			children = (
				10092FB022BA3287004499AB /* Base */,
			);
			name = Main.storyboard;
			sourceTree = "<group>";
		};
		10092FB422BA3287004499AB /* LaunchScreen.storyboard */ = {
			isa = PBXVariantGroup;
			children = (
				10092FB522BA3287004499AB /* Base */,
			);
			name = LaunchScreen.storyboard;
			sourceTree = "<group>";
		};
/* End PBXVariantGroup section */

/* Begin XCBuildConfiguration section */
		10092FCE22BA3288004499AB /* Debug */ = {
			isa = XCBuildConfiguration;
			buildSettings = {
				ALWAYS_SEARCH_USER_PATHS = NO;
				CLANG_ANALYZER_NONNULL = YES;
				CLANG_ANALYZER_NUMBER_OBJECT_CONVERSION = YES_AGGRESSIVE;
				CLANG_CXX_LANGUAGE_STANDARD = "gnu++14";
				CLANG_CXX_LIBRARY = "libc++";
				CLANG_ENABLE_MODULES = YES;
				CLANG_ENABLE_OBJC_ARC = YES;
				CLANG_ENABLE_OBJC_WEAK = YES;
				CLANG_WARN_BLOCK_CAPTURE_AUTORELEASING = YES;
				CLANG_WARN_BOOL_CONVERSION = YES;
				CLANG_WARN_COMMA = YES;
				CLANG_WARN_CONSTANT_CONVERSION = YES;
				CLANG_WARN_DEPRECATED_OBJC_IMPLEMENTATIONS = YES;
				CLANG_WARN_DIRECT_OBJC_ISA_USAGE = YES_ERROR;
				CLANG_WARN_DOCUMENTATION_COMMENTS = YES;
				CLANG_WARN_EMPTY_BODY = YES;
				CLANG_WARN_ENUM_CONVERSION = YES;
				CLANG_WARN_INFINITE_RECURSION = YES;
				CLANG_WARN_INT_CONVERSION = YES;
				CLANG_WARN_NON_LITERAL_NULL_CONVERSION = YES;
				CLANG_WARN_OBJC_IMPLICIT_RETAIN_SELF = YES;
				CLANG_WARN_OBJC_LITERAL_CONVERSION = YES;
				CLANG_WARN_OBJC_ROOT_CLASS = YES_ERROR;
				CLANG_WARN_RANGE_LOOP_ANALYSIS = YES;
				CLANG_WARN_STRICT_PROTOTYPES = YES;
				CLANG_WARN_SUSPICIOUS_MOVE = YES;
				CLANG_WARN_UNGUARDED_AVAILABILITY = YES_AGGRESSIVE;
				CLANG_WARN_UNREACHABLE_CODE = YES;
				CLANG_WARN__DUPLICATE_METHOD_MATCH = YES;
				CODE_SIGN_IDENTITY = "iPhone Developer";
				COPY_PHASE_STRIP = NO;
				DEBUG_INFORMATION_FORMAT = dwarf;
				ENABLE_STRICT_OBJC_MSGSEND = YES;
				ENABLE_TESTABILITY = YES;
				GCC_C_LANGUAGE_STANDARD = gnu11;
				GCC_DYNAMIC_NO_PIC = NO;
				GCC_NO_COMMON_BLOCKS = YES;
				GCC_OPTIMIZATION_LEVEL = 0;
				GCC_PREPROCESSOR_DEFINITIONS = (
					"DEBUG=1",
					"$(inherited)",
				);
				GCC_WARN_64_TO_32_BIT_CONVERSION = YES;
				GCC_WARN_ABOUT_RETURN_TYPE = YES_ERROR;
				GCC_WARN_UNDECLARED_SELECTOR = YES;
				GCC_WARN_UNINITIALIZED_AUTOS = YES_AGGRESSIVE;
				GCC_WARN_UNUSED_FUNCTION = YES;
				GCC_WARN_UNUSED_VARIABLE = YES;
				IPHONEOS_DEPLOYMENT_TARGET = 12.2;
				MTL_ENABLE_DEBUG_INFO = INCLUDE_SOURCE;
				MTL_FAST_MATH = YES;
				ONLY_ACTIVE_ARCH = YES;
				SDKROOT = iphoneos;
				SWIFT_ACTIVE_COMPILATION_CONDITIONS = DEBUG;
				SWIFT_OPTIMIZATION_LEVEL = "-Onone";
			};
			name = Debug;
		};
		10092FCF22BA3288004499AB /* Release */ = {
			isa = XCBuildConfiguration;
			buildSettings = {
				ALWAYS_SEARCH_USER_PATHS = NO;
				CLANG_ANALYZER_NONNULL = YES;
				CLANG_ANALYZER_NUMBER_OBJECT_CONVERSION = YES_AGGRESSIVE;
				CLANG_CXX_LANGUAGE_STANDARD = "gnu++14";
				CLANG_CXX_LIBRARY = "libc++";
				CLANG_ENABLE_MODULES = YES;
				CLANG_ENABLE_OBJC_ARC = YES;
				CLANG_ENABLE_OBJC_WEAK = YES;
				CLANG_WARN_BLOCK_CAPTURE_AUTORELEASING = YES;
				CLANG_WARN_BOOL_CONVERSION = YES;
				CLANG_WARN_COMMA = YES;
				CLANG_WARN_CONSTANT_CONVERSION = YES;
				CLANG_WARN_DEPRECATED_OBJC_IMPLEMENTATIONS = YES;
				CLANG_WARN_DIRECT_OBJC_ISA_USAGE = YES_ERROR;
				CLANG_WARN_DOCUMENTATION_COMMENTS = YES;
				CLANG_WARN_EMPTY_BODY = YES;
				CLANG_WARN_ENUM_CONVERSION = YES;
				CLANG_WARN_INFINITE_RECURSION = YES;
				CLANG_WARN_INT_CONVERSION = YES;
				CLANG_WARN_NON_LITERAL_NULL_CONVERSION = YES;
				CLANG_WARN_OBJC_IMPLICIT_RETAIN_SELF = YES;
				CLANG_WARN_OBJC_LITERAL_CONVERSION = YES;
				CLANG_WARN_OBJC_ROOT_CLASS = YES_ERROR;
				CLANG_WARN_RANGE_LOOP_ANALYSIS = YES;
				CLANG_WARN_STRICT_PROTOTYPES = YES;
				CLANG_WARN_SUSPICIOUS_MOVE = YES;
				CLANG_WARN_UNGUARDED_AVAILABILITY = YES_AGGRESSIVE;
				CLANG_WARN_UNREACHABLE_CODE = YES;
				CLANG_WARN__DUPLICATE_METHOD_MATCH = YES;
				CODE_SIGN_IDENTITY = "iPhone Developer";
				COPY_PHASE_STRIP = NO;
				DEBUG_INFORMATION_FORMAT = "dwarf-with-dsym";
				ENABLE_NS_ASSERTIONS = NO;
				ENABLE_STRICT_OBJC_MSGSEND = YES;
				GCC_C_LANGUAGE_STANDARD = gnu11;
				GCC_NO_COMMON_BLOCKS = YES;
				GCC_WARN_64_TO_32_BIT_CONVERSION = YES;
				GCC_WARN_ABOUT_RETURN_TYPE = YES_ERROR;
				GCC_WARN_UNDECLARED_SELECTOR = YES;
				GCC_WARN_UNINITIALIZED_AUTOS = YES_AGGRESSIVE;
				GCC_WARN_UNUSED_FUNCTION = YES;
				GCC_WARN_UNUSED_VARIABLE = YES;
				IPHONEOS_DEPLOYMENT_TARGET = 12.2;
				MTL_ENABLE_DEBUG_INFO = NO;
				MTL_FAST_MATH = YES;
				SDKROOT = iphoneos;
				SWIFT_COMPILATION_MODE = wholemodule;
				SWIFT_OPTIMIZATION_LEVEL = "-O";
				VALIDATE_PRODUCT = YES;
			};
			name = Release;
		};
		10092FD122BA3288004499AB /* Debug */ = {
			isa = XCBuildConfiguration;
			buildSettings = {
				ASSETCATALOG_COMPILER_APPICON_NAME = AppIcon;
				CODE_SIGN_STYLE = Automatic;
				DEVELOPMENT_TEAM = UY8NJD89S2;
				INFOPLIST_FILE = WheaterSwiftIOS/Info.plist;
				LD_RUNPATH_SEARCH_PATHS = (
					"$(inherited)",
					"@executable_path/Frameworks",
				);
				PRODUCT_BUNDLE_IDENTIFIER = kp11.WheaterSwiftIOS;
				PRODUCT_NAME = "$(TARGET_NAME)";
				SWIFT_VERSION = 5.0;
				TARGETED_DEVICE_FAMILY = "1,2";
			};
			name = Debug;
		};
		10092FD222BA3288004499AB /* Release */ = {
			isa = XCBuildConfiguration;
			buildSettings = {
				ASSETCATALOG_COMPILER_APPICON_NAME = AppIcon;
				CODE_SIGN_STYLE = Automatic;
				DEVELOPMENT_TEAM = UY8NJD89S2;
				INFOPLIST_FILE = WheaterSwiftIOS/Info.plist;
				LD_RUNPATH_SEARCH_PATHS = (
					"$(inherited)",
					"@executable_path/Frameworks",
				);
				PRODUCT_BUNDLE_IDENTIFIER = kp11.WheaterSwiftIOS;
				PRODUCT_NAME = "$(TARGET_NAME)";
				SWIFT_VERSION = 5.0;
				TARGETED_DEVICE_FAMILY = "1,2";
			};
			name = Release;
		};
		10092FD422BA3288004499AB /* Debug */ = {
			isa = XCBuildConfiguration;
			buildSettings = {
				ALWAYS_EMBED_SWIFT_STANDARD_LIBRARIES = YES;
				BUNDLE_LOADER = "$(TEST_HOST)";
				CODE_SIGN_STYLE = Automatic;
				DEVELOPMENT_TEAM = UY8NJD89S2;
				INFOPLIST_FILE = WheaterSwiftIOSTests/Info.plist;
				LD_RUNPATH_SEARCH_PATHS = (
					"$(inherited)",
					"@executable_path/Frameworks",
					"@loader_path/Frameworks",
				);
				PRODUCT_BUNDLE_IDENTIFIER = kp11.WheaterSwiftIOSTests;
				PRODUCT_NAME = "$(TARGET_NAME)";
				SWIFT_VERSION = 5.0;
				TARGETED_DEVICE_FAMILY = "1,2";
				TEST_HOST = "$(BUILT_PRODUCTS_DIR)/WheaterSwiftIOS.app/WheaterSwiftIOS";
			};
			name = Debug;
		};
		10092FD522BA3288004499AB /* Release */ = {
			isa = XCBuildConfiguration;
			buildSettings = {
				ALWAYS_EMBED_SWIFT_STANDARD_LIBRARIES = YES;
				BUNDLE_LOADER = "$(TEST_HOST)";
				CODE_SIGN_STYLE = Automatic;
				DEVELOPMENT_TEAM = UY8NJD89S2;
				INFOPLIST_FILE = WheaterSwiftIOSTests/Info.plist;
				LD_RUNPATH_SEARCH_PATHS = (
					"$(inherited)",
					"@executable_path/Frameworks",
					"@loader_path/Frameworks",
				);
				PRODUCT_BUNDLE_IDENTIFIER = kp11.WheaterSwiftIOSTests;
				PRODUCT_NAME = "$(TARGET_NAME)";
				SWIFT_VERSION = 5.0;
				TARGETED_DEVICE_FAMILY = "1,2";
				TEST_HOST = "$(BUILT_PRODUCTS_DIR)/WheaterSwiftIOS.app/WheaterSwiftIOS";
			};
			name = Release;
		};
		10092FD722BA3288004499AB /* Debug */ = {
			isa = XCBuildConfiguration;
			buildSettings = {
				ALWAYS_EMBED_SWIFT_STANDARD_LIBRARIES = YES;
				CODE_SIGN_STYLE = Automatic;
				DEVELOPMENT_TEAM = UY8NJD89S2;
				INFOPLIST_FILE = WheaterSwiftIOSUITests/Info.plist;
				LD_RUNPATH_SEARCH_PATHS = (
					"$(inherited)",
					"@executable_path/Frameworks",
					"@loader_path/Frameworks",
				);
				PRODUCT_BUNDLE_IDENTIFIER = kp11.WheaterSwiftIOSUITests;
				PRODUCT_NAME = "$(TARGET_NAME)";
				SWIFT_VERSION = 5.0;
				TARGETED_DEVICE_FAMILY = "1,2";
				TEST_TARGET_NAME = WheaterSwiftIOS;
			};
			name = Debug;
		};
		10092FD822BA3288004499AB /* Release */ = {
			isa = XCBuildConfiguration;
			buildSettings = {
				ALWAYS_EMBED_SWIFT_STANDARD_LIBRARIES = YES;
				CODE_SIGN_STYLE = Automatic;
				DEVELOPMENT_TEAM = UY8NJD89S2;
				INFOPLIST_FILE = WheaterSwiftIOSUITests/Info.plist;
				LD_RUNPATH_SEARCH_PATHS = (
					"$(inherited)",
					"@executable_path/Frameworks",
					"@loader_path/Frameworks",
				);
				PRODUCT_BUNDLE_IDENTIFIER = kp11.WheaterSwiftIOSUITests;
				PRODUCT_NAME = "$(TARGET_NAME)";
				SWIFT_VERSION = 5.0;
				TARGETED_DEVICE_FAMILY = "1,2";
				TEST_TARGET_NAME = WheaterSwiftIOS;
			};
			name = Release;
		};
/* End XCBuildConfiguration section */

/* Begin XCConfigurationList section */
		10092FA322BA3287004499AB /* Build configuration list for PBXProject "WheaterSwiftIOS" */ = {
			isa = XCConfigurationList;
			buildConfigurations = (
				10092FCE22BA3288004499AB /* Debug */,
				10092FCF22BA3288004499AB /* Release */,
			);
			defaultConfigurationIsVisible = 0;
			defaultConfigurationName = Release;
		};
		10092FD022BA3288004499AB /* Build configuration list for PBXNativeTarget "WheaterSwiftIOS" */ = {
			isa = XCConfigurationList;
			buildConfigurations = (
				10092FD122BA3288004499AB /* Debug */,
				10092FD222BA3288004499AB /* Release */,
			);
			defaultConfigurationIsVisible = 0;
			defaultConfigurationName = Release;
		};
		10092FD322BA3288004499AB /* Build configuration list for PBXNativeTarget "WheaterSwiftIOSTests" */ = {
			isa = XCConfigurationList;
			buildConfigurations = (
				10092FD422BA3288004499AB /* Debug */,
				10092FD522BA3288004499AB /* Release */,
			);
			defaultConfigurationIsVisible = 0;
			defaultConfigurationName = Release;
		};
		10092FD622BA3288004499AB /* Build configuration list for PBXNativeTarget "WheaterSwiftIOSUITests" */ = {
			isa = XCConfigurationList;
			buildConfigurations = (
				10092FD722BA3288004499AB /* Debug */,
				10092FD822BA3288004499AB /* Release */,
			);
			defaultConfigurationIsVisible = 0;
			defaultConfigurationName = Release;
		};
/* End XCConfigurationList section */
	};
	rootObject = 10092FA022BA3287004499AB /* Project object */;
}
